// !$*UTF8*$!
{
	archiveVersion = 1;
	classes = {
	};
	objectVersion = 46;
	objects = {

/* Begin PBXBuildFile section */
		5E57BFBC149A5C3F004B9815 /* main.cpp in Sources */ = {isa = PBXBuildFile; fileRef = 5E57BFBB149A5C3F004B9815 /* main.cpp */; };
		5E57BFBE149A5DC1004B9815 /* MainMenu.nib in Resources */ = {isa = PBXBuildFile; fileRef = 5E57BFBD149A5DC1004B9815 /* MainMenu.nib */; };
		5E8FBC2C1490FB11003B79DB /* Cocoa.framework in Frameworks */ = {isa = PBXBuildFile; fileRef = 5E8FBC2B1490FB11003B79DB /* Cocoa.framework */; };
		5EBC146A14910381005FE86F /* InfoPlist.strings in Resources */ = {isa = PBXBuildFile; fileRef = 5EBC146914910381005FE86F /* InfoPlist.strings */; };
		5EC785FA149A567900311C40 /* Carbon.framework in Frameworks */ = {isa = PBXBuildFile; fileRef = 5EC785F7149A567900311C40 /* Carbon.framework */; };
		5EC785FB149A567900311C40 /* IOKit.framework in Frameworks */ = {isa = PBXBuildFile; fileRef = 5EC785F8149A567900311C40 /* IOKit.framework */; };
		5EC785FC149A567900311C40 /* OpenGL.framework in Frameworks */ = {isa = PBXBuildFile; fileRef = 5EC785F9149A567900311C40 /* OpenGL.framework */; };
		5EC785FE149A578700311C40 /* libIrrlicht.a in Frameworks */ = {isa = PBXBuildFile; fileRef = 5EC785FD149A578700311C40 /* libIrrlicht.a */; };
/* End PBXBuildFile section */

/* Begin PBXFileReference section */
		5E57BFBB149A5C3F004B9815 /* main.cpp */ = {isa = PBXFileReference; fileEncoding = 4; lastKnownFileType = sourcecode.cpp.cpp; name = main.cpp; path = ../main.cpp; sourceTree = SOURCE_ROOT; };
		5E57BFBD149A5DC1004B9815 /* MainMenu.nib */ = {isa = PBXFileReference; lastKnownFileType = wrapper.nib; path = MainMenu.nib; sourceTree = SOURCE_ROOT; };
		5E8FBC271490FB11003B79DB /* Ninja-Projekt.app */ = {isa = PBXFileReference; explicitFileType = wrapper.application; includeInIndex = 0; path = "Ninja-Projekt.app"; sourceTree = BUILT_PRODUCTS_DIR; };
		5E8FBC2B1490FB11003B79DB /* Cocoa.framework */ = {isa = PBXFileReference; lastKnownFileType = wrapper.framework; name = Cocoa.framework; path = System/Library/Frameworks/Cocoa.framework; sourceTree = SDKROOT; };
		5E8FBC2E1490FB11003B79DB /* AppKit.framework */ = {isa = PBXFileReference; lastKnownFileType = wrapper.framework; name = AppKit.framework; path = System/Library/Frameworks/AppKit.framework; sourceTree = SDKROOT; };
		5E8FBC2F1490FB11003B79DB /* CoreData.framework */ = {isa = PBXFileReference; lastKnownFileType = wrapper.framework; name = CoreData.framework; path = System/Library/Frameworks/CoreData.framework; sourceTree = SDKROOT; };
		5E8FBC301490FB11003B79DB /* Foundation.framework */ = {isa = PBXFileReference; lastKnownFileType = wrapper.framework; name = Foundation.framework; path = System/Library/Frameworks/Foundation.framework; sourceTree = SDKROOT; };
		5E8FBC331490FB11003B79DB /* Ninja-Projekt-Info.plist */ = {isa = PBXFileReference; lastKnownFileType = text.plist.xml; path = "Ninja-Projekt-Info.plist"; sourceTree = "<group>"; };
		5E8FBC391490FB11003B79DB /* Ninja-Projekt-Prefix.pch */ = {isa = PBXFileReference; lastKnownFileType = sourcecode.c.h; path = "Ninja-Projekt-Prefix.pch"; sourceTree = "<group>"; };
		5EBC146914910381005FE86F /* InfoPlist.strings */ = {isa = PBXFileReference; fileEncoding = 4; lastKnownFileType = text.plist.strings; path = InfoPlist.strings; sourceTree = SOURCE_ROOT; };
		5EC785F7149A567900311C40 /* Carbon.framework */ = {isa = PBXFileReference; lastKnownFileType = wrapper.framework; name = Carbon.framework; path = System/Library/Frameworks/Carbon.framework; sourceTree = SDKROOT; };
		5EC785F8149A567900311C40 /* IOKit.framework */ = {isa = PBXFileReference; lastKnownFileType = wrapper.framework; name = IOKit.framework; path = System/Library/Frameworks/IOKit.framework; sourceTree = SDKROOT; };
		5EC785F9149A567900311C40 /* OpenGL.framework */ = {isa = PBXFileReference; lastKnownFileType = wrapper.framework; name = OpenGL.framework; path = System/Library/Frameworks/OpenGL.framework; sourceTree = SDKROOT; };
		5EC785FD149A578700311C40 /* libIrrlicht.a */ = {isa = PBXFileReference; lastKnownFileType = archive.ar; name = libIrrlicht.a; path = ../../LibIrrlicht/libIrrlicht.a; sourceTree = "<group>"; };
/* End PBXFileReference section */

/* Begin PBXFrameworksBuildPhase section */
		5E8FBC241490FB11003B79DB /* Frameworks */ = {
			isa = PBXFrameworksBuildPhase;
			buildActionMask = 2147483647;
			files = (
				5EC785FA149A567900311C40 /* Carbon.framework in Frameworks */,
				5EC785FB149A567900311C40 /* IOKit.framework in Frameworks */,
				5EC785FC149A567900311C40 /* OpenGL.framework in Frameworks */,
				5E8FBC2C1490FB11003B79DB /* Cocoa.framework in Frameworks */,
				5EC785FE149A578700311C40 /* libIrrlicht.a in Frameworks */,
			);
			runOnlyForDeploymentPostprocessing = 0;
		};
/* End PBXFrameworksBuildPhase section */

/* Begin PBXGroup section */
		5E8FBC1C1490FB11003B79DB = {
			isa = PBXGroup;
			children = (
				5E8FBC311490FB11003B79DB /* Ninja-Projekt */,
				5E8FBC2A1490FB11003B79DB /* Frameworks */,
				5E8FBC281490FB11003B79DB /* Products */,
			);
			sourceTree = "<group>";
		};
		5E8FBC281490FB11003B79DB /* Products */ = {
			isa = PBXGroup;
			children = (
				5E8FBC271490FB11003B79DB /* Ninja-Projekt.app */,
			);
			name = Products;
			sourceTree = "<group>";
		};
		5E8FBC2A1490FB11003B79DB /* Frameworks */ = {
			isa = PBXGroup;
			children = (
				5EC785FD149A578700311C40 /* libIrrlicht.a */,
				5EC785F7149A567900311C40 /* Carbon.framework */,
				5EC785F8149A567900311C40 /* IOKit.framework */,
				5EC785F9149A567900311C40 /* OpenGL.framework */,
				5E8FBC2B1490FB11003B79DB /* Cocoa.framework */,
				5E8FBC2D1490FB11003B79DB /* Other Frameworks */,
			);
			name = Frameworks;
			sourceTree = "<group>";
		};
		5E8FBC2D1490FB11003B79DB /* Other Frameworks */ = {
			isa = PBXGroup;
			children = (
				5E8FBC2E1490FB11003B79DB /* AppKit.framework */,
				5E8FBC2F1490FB11003B79DB /* CoreData.framework */,
				5E8FBC301490FB11003B79DB /* Foundation.framework */,
			);
			name = "Other Frameworks";
			sourceTree = "<group>";
		};
		5E8FBC311490FB11003B79DB /* Ninja-Projekt */ = {
			isa = PBXGroup;
			children = (
				5E8FBC321490FB11003B79DB /* Supporting Files */,
				5E57BFBB149A5C3F004B9815 /* main.cpp */,
			);
			path = "Ninja-Projekt";
			sourceTree = "<group>";
		};
		5E8FBC321490FB11003B79DB /* Supporting Files */ = {
			isa = PBXGroup;
			children = (
				5E57BFBD149A5DC1004B9815 /* MainMenu.nib */,
				5E8FBC331490FB11003B79DB /* Ninja-Projekt-Info.plist */,
				5EBC146914910381005FE86F /* InfoPlist.strings */,
				5E8FBC391490FB11003B79DB /* Ninja-Projekt-Prefix.pch */,
			);
			name = "Supporting Files";
			sourceTree = "<group>";
		};
/* End PBXGroup section */

/* Begin PBXNativeTarget section */
		5E8FBC261490FB11003B79DB /* Ninja-Projekt */ = {
			isa = PBXNativeTarget;
			buildConfigurationList = 5E8FBC451490FB11003B79DB /* Build configuration list for PBXNativeTarget "Ninja-Projekt" */;
			buildPhases = (
				5E8FBC231490FB11003B79DB /* Sources */,
				5E8FBC241490FB11003B79DB /* Frameworks */,
				5E8FBC251490FB11003B79DB /* Resources */,
			);
			buildRules = (
			);
			dependencies = (
			);
			name = "Ninja-Projekt";
			productName = "Ninja-Projekt";
			productReference = 5E8FBC271490FB11003B79DB /* Ninja-Projekt.app */;
			productType = "com.apple.product-type.application";
		};
/* End PBXNativeTarget section */

/* Begin PBXProject section */
		5E8FBC1E1490FB11003B79DB /* Project object */ = {
			isa = PBXProject;
			attributes = {
				LastUpgradeCheck = 0420;
			};
			buildConfigurationList = 5E8FBC211490FB11003B79DB /* Build configuration list for PBXProject "Ninja-Projekt" */;
			compatibilityVersion = "Xcode 3.2";
			developmentRegion = English;
			hasScannedForEncodings = 0;
			knownRegions = (
				en,
			);
			mainGroup = 5E8FBC1C1490FB11003B79DB;
			productRefGroup = 5E8FBC281490FB11003B79DB /* Products */;
			projectDirPath = "";
			projectRoot = "";
			targets = (
				5E8FBC261490FB11003B79DB /* Ninja-Projekt */,
			);
		};
/* End PBXProject section */

/* Begin PBXResourcesBuildPhase section */
		5E8FBC251490FB11003B79DB /* Resources */ = {
			isa = PBXResourcesBuildPhase;
			buildActionMask = 2147483647;
			files = (
				5EBC146A14910381005FE86F /* InfoPlist.strings in Resources */,
				5E57BFBE149A5DC1004B9815 /* MainMenu.nib in Resources */,
			);
			runOnlyForDeploymentPostprocessing = 0;
		};
/* End PBXResourcesBuildPhase section */

/* Begin PBXSourcesBuildPhase section */
		5E8FBC231490FB11003B79DB /* Sources */ = {
			isa = PBXSourcesBuildPhase;
			buildActionMask = 2147483647;
			files = (
				5E57BFBC149A5C3F004B9815 /* main.cpp in Sources */,
			);
			runOnlyForDeploymentPostprocessing = 0;
		};
/* End PBXSourcesBuildPhase section */

/* Begin XCBuildConfiguration section */
		5E8FBC431490FB11003B79DB /* Debug */ = {
			isa = XCBuildConfiguration;
			buildSettings = {
				ALWAYS_SEARCH_USER_PATHS = NO;
				ARCHS = "$(ARCHS_STANDARD_64_BIT)";
				COPY_PHASE_STRIP = NO;
				GCC_C_LANGUAGE_STANDARD = gnu99;
				GCC_DYNAMIC_NO_PIC = NO;
				GCC_ENABLE_OBJC_EXCEPTIONS = YES;
				GCC_OPTIMIZATION_LEVEL = 0;
				GCC_PREPROCESSOR_DEFINITIONS = (
					"DEBUG=1",
					"$(inherited)",
				);
				GCC_SYMBOLS_PRIVATE_EXTERN = NO;
				GCC_VERSION = com.apple.compilers.llvm.clang.1_0;
				GCC_WARN_64_TO_32_BIT_CONVERSION = YES;
				GCC_WARN_ABOUT_MISSING_PROTOTYPES = YES;
				GCC_WARN_ABOUT_RETURN_TYPE = YES;
				GCC_WARN_UNUSED_VARIABLE = YES;
				HEADER_SEARCH_PATHS = ../../LibIrrlicht/include;
				MACOSX_DEPLOYMENT_TARGET = 10.6;
				ONLY_ACTIVE_ARCH = YES;
				SDKROOT = macosx;
			};
			name = Debug;
		};
		5E8FBC441490FB11003B79DB /* Release */ = {
			isa = XCBuildConfiguration;
			buildSettings = {
				ALWAYS_SEARCH_USER_PATHS = NO;
				ARCHS = "$(ARCHS_STANDARD_64_BIT)";
				COPY_PHASE_STRIP = YES;
				DEBUG_INFORMATION_FORMAT = "dwarf-with-dsym";
				GCC_C_LANGUAGE_STANDARD = gnu99;
				GCC_ENABLE_OBJC_EXCEPTIONS = YES;
				GCC_VERSION = com.apple.compilers.llvm.clang.1_0;
				GCC_WARN_64_TO_32_BIT_CONVERSION = YES;
				GCC_WARN_ABOUT_MISSING_PROTOTYPES = YES;
				GCC_WARN_ABOUT_RETURN_TYPE = YES;
				GCC_WARN_UNUSED_VARIABLE = YES;
				HEADER_SEARCH_PATHS = ../../LibIrrlicht/include;
				MACOSX_DEPLOYMENT_TARGET = 10.6;
				SDKROOT = macosx;
			};
			name = Release;
		};
		5E8FBC461490FB11003B79DB /* Debug */ = {
			isa = XCBuildConfiguration;
			buildSettings = {
				GCC_PRECOMPILE_PREFIX_HEADER = YES;
				GCC_PREFIX_HEADER = "Ninja-Projekt-Prefix.pch";
				GCC_VERSION = com.apple.compilers.llvm.clang.1_0;
				INFOPLIST_FILE = "Ninja-Projekt-Info.plist";
				LIBRARY_SEARCH_PATHS = (
					"$(inherited)",
					"\"$(SRCROOT)/../../LibIrrlicht\"",
				);
				MACOSX_DEPLOYMENT_TARGET = 10.6;
				PRODUCT_NAME = "$(TARGET_NAME)";
				WRAPPER_EXTENSION = app;
			};
			name = Debug;
		};
		5E8FBC471490FB11003B79DB /* Release */ = {
			isa = XCBuildConfiguration;
			buildSettings = {
				GCC_PRECOMPILE_PREFIX_HEADER = YES;
				GCC_PREFIX_HEADER = "Ninja-Projekt-Prefix.pch";
				GCC_VERSION = com.apple.compilers.llvm.clang.1_0;
				INFOPLIST_FILE = "Ninja-Projekt-Info.plist";
				LIBRARY_SEARCH_PATHS = (
					"$(inherited)",
					"\"$(SRCROOT)/../../LibIrrlicht\"",
				);
				MACOSX_DEPLOYMENT_TARGET = 10.6;
				PRODUCT_NAME = "$(TARGET_NAME)";
				WRAPPER_EXTENSION = app;
			};
			name = Release;
		};
/* End XCBuildConfiguration section */

/* Begin XCConfigurationList section */
		5E8FBC211490FB11003B79DB /* Build configuration list for PBXProject "Ninja-Projekt" */ = {
			isa = XCConfigurationList;
			buildConfigurations = (
				5E8FBC431490FB11003B79DB /* Debug */,
				5E8FBC441490FB11003B79DB /* Release */,
			);
			defaultConfigurationIsVisible = 0;
			defaultConfigurationName = Release;
		};
		5E8FBC451490FB11003B79DB /* Build configuration list for PBXNativeTarget "Ninja-Projekt" */ = {
			isa = XCConfigurationList;
			buildConfigurations = (
				5E8FBC461490FB11003B79DB /* Debug */,
				5E8FBC471490FB11003B79DB /* Release */,
			);
			defaultConfigurationIsVisible = 0;
			defaultConfigurationName = Release;
		};
/* End XCConfigurationList section */
	};
	rootObject = 5E8FBC1E1490FB11003B79DB /* Project object */;
}
